{
  "name": "trail-maker",
  "version": "1.0.0",
  "lockfileVersion": 3,
  "requires": true,
  "packages": {
    "": {
      "name": "trail-maker",
      "version": "1.0.0",
      "license": "ISC",
      "dependencies": {
        "@dwayneparton/geojson-to-gpx": "^0.1.0"
      },
      "devDependencies": {}
    },
    "node_modules/@dwayneparton/geojson-to-gpx": {
      "version": "0.1.0",
      "resolved": "https://registry.npmjs.org/@dwayneparton/geojson-to-gpx/-/geojson-to-gpx-0.1.0.tgz",
      "integrity": "sha512-HEMrs5bYZOiFMx3XCaCxbJls1kC/YRAbWwu714TYiNSntAYWg12SMIGleGiBwu3H+grvwrWtTVKr0MlxpFQ7AQ=="
    }
  }
}
